
Microsoft Visual Studio Solution File, Format Version 12.00
# Visual Studio Version 17
VisualStudioVersion = 17.2.32526.322
MinimumVisualStudioVersion = 10.0.40219.1
Project("{FAE04EC0-301F-11D3-BF4B-00C04F79EFBC}") = "Tuan5_NguyenVanTuan", "Tuan5_NguyenVanTuan\Tuan5_NguyenVanTuan.csproj", "{1744ADD8-D51D-4B63-B60F-416C69DDF4E8}"
EndProject
Global
	GlobalSection(SolutionConfigurationPlatforms) = preSolution
		Debug|Any CPU = Debug|Any CPU
		Release|Any CPU = Release|Any CPU
	EndGlobalSection
	GlobalSection(ProjectConfigurationPlatforms) = postSolution
		{1744ADD8-D51D-4B63-B60F-416C69DDF4E8}.Debug|Any CPU.ActiveCfg = Debug|Any CPU
		{1744ADD8-D51D-4B63-B60F-416C69DDF4E8}.Debug|Any CPU.Build.0 = Debug|Any CPU
		{1744ADD8-D51D-4B63-B60F-416C69DDF4E8}.Release|Any CPU.ActiveCfg = Release|Any CPU
		{1744ADD8-D51D-4B63-B60F-416C69DDF4E8}.Release|Any CPU.Build.0 = Release|Any CPU
	EndGlobalSection
	GlobalSection(SolutionProperties) = preSolution
		HideSolutionNode = FALSE
	EndGlobalSection
	GlobalSection(ExtensibilityGlobals) = postSolution
		SolutionGuid = {DFC7082A-1D23-43D5-8AAC-D1D544D1B01A}
	EndGlobalSection
EndGlobal
